
Microsoft Visual Studio Solution File, Format Version 12.00
# Visual Studio Version 17
VisualStudioVersion = 17.13.35825.156
MinimumVisualStudioVersion = 10.0.40219.1
Project("{FAE04EC0-301F-11D3-BF4B-00C04F79EFBC}") = "reactBackend", "reactBackend\reactBackend.csproj", "{6798C647-B014-447D-B3B3-E0EE32884CFD}"
EndProject
Project("{FAE04EC0-301F-11D3-BF4B-00C04F79EFBC}") = "Temporal", "Temporal\Temporal.csproj", "{DD634D04-3018-44B5-9F0C-5FB0637D35F4}"
EndProject
Global
	GlobalSection(SolutionConfigurationPlatforms) = preSolution
		Debug|Any CPU = Debug|Any CPU
		Release|Any CPU = Release|Any CPU
	EndGlobalSection
	GlobalSection(ProjectConfigurationPlatforms) = postSolution
		{6798C647-B014-447D-B3B3-E0EE32884CFD}.Debug|Any CPU.ActiveCfg = Debug|Any CPU
		{6798C647-B014-447D-B3B3-E0EE32884CFD}.Debug|Any CPU.Build.0 = Debug|Any CPU
		{6798C647-B014-447D-B3B3-E0EE32884CFD}.Release|Any CPU.ActiveCfg = Release|Any CPU
		{6798C647-B014-447D-B3B3-E0EE32884CFD}.Release|Any CPU.Build.0 = Release|Any CPU
		{DD634D04-3018-44B5-9F0C-5FB0637D35F4}.Debug|Any CPU.ActiveCfg = Debug|Any CPU
		{DD634D04-3018-44B5-9F0C-5FB0637D35F4}.Debug|Any CPU.Build.0 = Debug|Any CPU
		{DD634D04-3018-44B5-9F0C-5FB0637D35F4}.Release|Any CPU.ActiveCfg = Release|Any CPU
		{DD634D04-3018-44B5-9F0C-5FB0637D35F4}.Release|Any CPU.Build.0 = Release|Any CPU
	EndGlobalSection
	GlobalSection(SolutionProperties) = preSolution
		HideSolutionNode = FALSE
	EndGlobalSection
	GlobalSection(ExtensibilityGlobals) = postSolution
		SolutionGuid = {1FD57735-59E5-466B-BF5B-6AAE6940563B}
	EndGlobalSection
EndGlobal
